// !$*UTF8*$!
{
	archiveVersion = 1;
	classes = {
	};
	objectVersion = 48;
	objects = {

/* Begin PBXBuildFile section */
		0A199E74208D813A00D4CA90 /* error.cpp in Sources */ = {isa = PBXBuildFile; fileRef = 0A199E72208D813A00D4CA90 /* error.cpp */; };
		0A199E75208D813A00D4CA90 /* vm.cpp in Sources */ = {isa = PBXBuildFile; fileRef = 0A199E73208D813A00D4CA90 /* vm.cpp */; };
		0A199E7B208D830500D4CA90 /* mrbc.c in Sources */ = {isa = PBXBuildFile; fileRef = 0A199E7A208D830500D4CA90 /* mrbc.c */; };
		0A199E87208D835F00D4CA90 /* mrbc.c in Sources */ = {isa = PBXBuildFile; fileRef = 0A199E7A208D830500D4CA90 /* mrbc.c */; };
		0A199E8A208D83DF00D4CA90 /* libmruby_core.a in Frameworks */ = {isa = PBXBuildFile; fileRef = 0A26B654203B4756002FE305 /* libmruby_core.a */; };
		0A26B777203B4BD4002FE305 /* print.c in Sources */ = {isa = PBXBuildFile; fileRef = 0A26B776203B4BD3002FE305 /* print.c */; };
		0A26B780203B4BEC002FE305 /* array.c in Sources */ = {isa = PBXBuildFile; fileRef = 0A26B77F203B4BEC002FE305 /* array.c */; };
		0A5915BA203B627700831453 /* class.c in Sources */ = {isa = PBXBuildFile; fileRef = 0A591595203B626900831453 /* class.c */; };
		0A5915BB203B627700831453 /* kernel.c in Sources */ = {isa = PBXBuildFile; fileRef = 0A591596203B626A00831453 /* kernel.c */; };
		0A5915BC203B627700831453 /* object.c in Sources */ = {isa = PBXBuildFile; fileRef = 0A591594203B626900831453 /* object.c */; };
		0A5915BD203B627700831453 /* print.c in Sources */ = {isa = PBXBuildFile; fileRef = 0A591593203B626900831453 /* print.c */; };
		0A5915BE203B627700831453 /* array.c in Sources */ = {isa = PBXBuildFile; fileRef = 0A591590203B622100831453 /* array.c */; };
		0A5915BF203B627700831453 /* backtrace.c in Sources */ = {isa = PBXBuildFile; fileRef = 0A26B748203B4B32002FE305 /* backtrace.c */; };
		0A5915C0203B627700831453 /* codedump.c in Sources */ = {isa = PBXBuildFile; fileRef = 0A26B742203B4B32002FE305 /* codedump.c */; };
		0A5915C1203B627700831453 /* compar.c in Sources */ = {isa = PBXBuildFile; fileRef = 0A26B74F203B4B32002FE305 /* compar.c */; };
		0A5915C2203B627700831453 /* crc.c in Sources */ = {isa = PBXBuildFile; fileRef = 0A26B751203B4B32002FE305 /* crc.c */; };
		0A5915C3203B627700831453 /* debug.c in Sources */ = {isa = PBXBuildFile; fileRef = 0A26B743203B4B32002FE305 /* debug.c */; };
		0A5915C4203B627700831453 /* dump.c in Sources */ = {isa = PBXBuildFile; fileRef = 0A26B746203B4B32002FE305 /* dump.c */; };
		0A5915C5203B627700831453 /* enum.c in Sources */ = {isa = PBXBuildFile; fileRef = 0A26B74B203B4B32002FE305 /* enum.c */; };
		0A5915C7203B627700831453 /* etc.c in Sources */ = {isa = PBXBuildFile; fileRef = 0A26B73C203B4B32002FE305 /* etc.c */; };
		0A5915C8203B627700831453 /* fmt_fp.c in Sources */ = {isa = PBXBuildFile; fileRef = 0A26B745203B4B32002FE305 /* fmt_fp.c */; };
		0A5915C9203B627700831453 /* gc.c in Sources */ = {isa = PBXBuildFile; fileRef = 0A26B755203B4B32002FE305 /* gc.c */; };
		0A5915CA203B627700831453 /* hash.c in Sources */ = {isa = PBXBuildFile; fileRef = 0A26B741203B4B32002FE305 /* hash.c */; };
		0A5915CB203B627700831453 /* init.c in Sources */ = {isa = PBXBuildFile; fileRef = 0A26B73E203B4B32002FE305 /* init.c */; };
		0A5915CC203B627700831453 /* load.c in Sources */ = {isa = PBXBuildFile; fileRef = 0A26B752203B4B32002FE305 /* load.c */; };
		0A5915CD203B627700831453 /* numeric.c in Sources */ = {isa = PBXBuildFile; fileRef = 0A26B74A203B4B32002FE305 /* numeric.c */; };
		0A5915CE203B627700831453 /* pool.c in Sources */ = {isa = PBXBuildFile; fileRef = 0A26B74E203B4B32002FE305 /* pool.c */; };
		0A5915CF203B627700831453 /* proc.c in Sources */ = {isa = PBXBuildFile; fileRef = 0A26B74D203B4B32002FE305 /* proc.c */; };
		0A5915D0203B627700831453 /* range.c in Sources */ = {isa = PBXBuildFile; fileRef = 0A26B744203B4B32002FE305 /* range.c */; };
		0A5915D1203B627700831453 /* state.c in Sources */ = {isa = PBXBuildFile; fileRef = 0A26B73D203B4B32002FE305 /* state.c */; };
		0A5915D2203B627700831453 /* string.c in Sources */ = {isa = PBXBuildFile; fileRef = 0A26B740203B4B32002FE305 /* string.c */; };
		0A5915D3203B627700831453 /* symbol.c in Sources */ = {isa = PBXBuildFile; fileRef = 0A26B74C203B4B32002FE305 /* symbol.c */; };
		0A5915D4203B627700831453 /* variable.c in Sources */ = {isa = PBXBuildFile; fileRef = 0A26B754203B4B32002FE305 /* variable.c */; };
		0A5915D5203B627700831453 /* version.c in Sources */ = {isa = PBXBuildFile; fileRef = 0A26B750203B4B32002FE305 /* version.c */; };
		0A5915E3203B64D700831453 /* codegen.c in Sources */ = {isa = PBXBuildFile; fileRef = 0A5915DD203B64D600831453 /* codegen.c */; };
		0A5915E5203B64D700831453 /* parse.y in Sources */ = {isa = PBXBuildFile; fileRef = 0A5915DF203B64D600831453 /* parse.y */; };
/* End PBXBuildFile section */

/* Begin PBXContainerItemProxy section */
		0A199E88208D836500D4CA90 /* PBXContainerItemProxy */ = {
			isa = PBXContainerItemProxy;
			containerPortal = 0A26B63C203B4611002FE305 /* Project object */;
			proxyType = 1;
			remoteGlobalIDString = 0A26B653203B4756002FE305;
			remoteInfo = mruby_core;
		};
/* End PBXContainerItemProxy section */

/* Begin PBXFileReference section */
		0A199E72208D813A00D4CA90 /* error.cpp */ = {isa = PBXFileReference; fileEncoding = 4; lastKnownFileType = sourcecode.cpp.cpp; path = error.cpp; sourceTree = "<group>"; };
		0A199E73208D813A00D4CA90 /* vm.cpp */ = {isa = PBXFileReference; fileEncoding = 4; lastKnownFileType = sourcecode.cpp.cpp; path = vm.cpp; sourceTree = "<group>"; };
		0A199E77208D830500D4CA90 /* mrbgem.rake */ = {isa = PBXFileReference; fileEncoding = 4; lastKnownFileType = text; path = mrbgem.rake; sourceTree = "<group>"; };
		0A199E7A208D830500D4CA90 /* mrbc.c */ = {isa = PBXFileReference; fileEncoding = 4; lastKnownFileType = sourcecode.c.c; path = mrbc.c; sourceTree = "<group>"; };
		0A199E80208D834600D4CA90 /* mrbc */ = {isa = PBXFileReference; explicitFileType = "compiled.mach-o.executable"; includeInIndex = 0; path = mrbc; sourceTree = BUILT_PRODUCTS_DIR; };
		0A26B654203B4756002FE305 /* libmruby_core.a */ = {isa = PBXFileReference; explicitFileType = archive.ar; includeInIndex = 0; path = libmruby_core.a; sourceTree = BUILT_PRODUCTS_DIR; };
		0A26B73A203B4B32002FE305 /* error.h */ = {isa = PBXFileReference; fileEncoding = 4; lastKnownFileType = sourcecode.c.h; path = error.h; sourceTree = "<group>"; };
		0A26B73C203B4B32002FE305 /* etc.c */ = {isa = PBXFileReference; fileEncoding = 4; lastKnownFileType = sourcecode.c.c; path = etc.c; sourceTree = "<group>"; };
		0A26B73D203B4B32002FE305 /* state.c */ = {isa = PBXFileReference; fileEncoding = 4; lastKnownFileType = sourcecode.c.c; path = state.c; sourceTree = "<group>"; };
		0A26B73E203B4B32002FE305 /* init.c */ = {isa = PBXFileReference; fileEncoding = 4; lastKnownFileType = sourcecode.c.c; path = init.c; sourceTree = "<group>"; };
		0A26B73F203B4B32002FE305 /* vm.c */ = {isa = PBXFileReference; explicitFileType = sourcecode.c; fileEncoding = 4; path = vm.c; sourceTree = "<group>"; };
		0A26B740203B4B32002FE305 /* string.c */ = {isa = PBXFileReference; fileEncoding = 4; lastKnownFileType = sourcecode.c.c; path = string.c; sourceTree = "<group>"; };
		0A26B741203B4B32002FE305 /* hash.c */ = {isa = PBXFileReference; fileEncoding = 4; lastKnownFileType = sourcecode.c.c; path = hash.c; sourceTree = "<group>"; };
		0A26B742203B4B32002FE305 /* codedump.c */ = {isa = PBXFileReference; fileEncoding = 4; lastKnownFileType = sourcecode.c.c; path = codedump.c; sourceTree = "<group>"; };
		0A26B743203B4B32002FE305 /* debug.c */ = {isa = PBXFileReference; fileEncoding = 4; lastKnownFileType = sourcecode.c.c; path = debug.c; sourceTree = "<group>"; };
		0A26B744203B4B32002FE305 /* range.c */ = {isa = PBXFileReference; fileEncoding = 4; lastKnownFileType = sourcecode.c.c; path = range.c; sourceTree = "<group>"; };
		0A26B745203B4B32002FE305 /* fmt_fp.c */ = {isa = PBXFileReference; fileEncoding = 4; lastKnownFileType = sourcecode.c.c; path = fmt_fp.c; sourceTree = "<group>"; };
		0A26B746203B4B32002FE305 /* dump.c */ = {isa = PBXFileReference; fileEncoding = 4; lastKnownFileType = sourcecode.c.c; path = dump.c; sourceTree = "<group>"; };
		0A26B747203B4B32002FE305 /* error.c */ = {isa = PBXFileReference; explicitFileType = sourcecode.c; fileEncoding = 4; path = error.c; sourceTree = "<group>"; };
		0A26B748203B4B32002FE305 /* backtrace.c */ = {isa = PBXFileReference; fileEncoding = 4; lastKnownFileType = sourcecode.c.c; path = backtrace.c; sourceTree = "<group>"; };
		0A26B749203B4B32002FE305 /* value_array.h */ = {isa = PBXFileReference; fileEncoding = 4; lastKnownFileType = sourcecode.c.h; path = value_array.h; sourceTree = "<group>"; };
		0A26B74A203B4B32002FE305 /* numeric.c */ = {isa = PBXFileReference; fileEncoding = 4; lastKnownFileType = sourcecode.c.c; path = numeric.c; sourceTree = "<group>"; };
		0A26B74B203B4B32002FE305 /* enum.c */ = {isa = PBXFileReference; fileEncoding = 4; lastKnownFileType = sourcecode.c.c; path = enum.c; sourceTree = "<group>"; };
		0A26B74C203B4B32002FE305 /* symbol.c */ = {isa = PBXFileReference; fileEncoding = 4; lastKnownFileType = sourcecode.c.c; path = symbol.c; sourceTree = "<group>"; };
		0A26B74D203B4B32002FE305 /* proc.c */ = {isa = PBXFileReference; fileEncoding = 4; lastKnownFileType = sourcecode.c.c; path = proc.c; sourceTree = "<group>"; };
		0A26B74E203B4B32002FE305 /* pool.c */ = {isa = PBXFileReference; fileEncoding = 4; lastKnownFileType = sourcecode.c.c; path = pool.c; sourceTree = "<group>"; };
		0A26B74F203B4B32002FE305 /* compar.c */ = {isa = PBXFileReference; fileEncoding = 4; lastKnownFileType = sourcecode.c.c; path = compar.c; sourceTree = "<group>"; };
		0A26B750203B4B32002FE305 /* version.c */ = {isa = PBXFileReference; fileEncoding = 4; lastKnownFileType = sourcecode.c.c; path = version.c; sourceTree = "<group>"; };
		0A26B751203B4B32002FE305 /* crc.c */ = {isa = PBXFileReference; fileEncoding = 4; lastKnownFileType = sourcecode.c.c; path = crc.c; sourceTree = "<group>"; };
		0A26B752203B4B32002FE305 /* load.c */ = {isa = PBXFileReference; fileEncoding = 4; lastKnownFileType = sourcecode.c.c; path = load.c; sourceTree = "<group>"; };
		0A26B753203B4B32002FE305 /* opcode.h */ = {isa = PBXFileReference; fileEncoding = 4; lastKnownFileType = sourcecode.c.h; path = opcode.h; sourceTree = "<group>"; };
		0A26B754203B4B32002FE305 /* variable.c */ = {isa = PBXFileReference; fileEncoding = 4; lastKnownFileType = sourcecode.c.c; path = variable.c; sourceTree = "<group>"; };
		0A26B755203B4B32002FE305 /* gc.c */ = {isa = PBXFileReference; fileEncoding = 4; lastKnownFileType = sourcecode.c.c; path = gc.c; sourceTree = "<group>"; };
		0A26B774203B4BD3002FE305 /* print.rb */ = {isa = PBXFileReference; fileEncoding = 4; lastKnownFileType = text.script.ruby; path = print.rb; sourceTree = "<group>"; };
		0A26B776203B4BD3002FE305 /* print.c */ = {isa = PBXFileReference; fileEncoding = 4; lastKnownFileType = sourcecode.c.c; path = print.c; sourceTree = "<group>"; };
		0A26B77B203B4BEC002FE305 /* array.rb */ = {isa = PBXFileReference; fileEncoding = 4; lastKnownFileType = text.script.ruby; path = array.rb; sourceTree = "<group>"; };
		0A26B77D203B4BEC002FE305 /* array.rb */ = {isa = PBXFileReference; fileEncoding = 4; lastKnownFileType = text.script.ruby; path = array.rb; sourceTree = "<group>"; };
		0A26B77F203B4BEC002FE305 /* array.c */ = {isa = PBXFileReference; fileEncoding = 4; lastKnownFileType = sourcecode.c.c; path = array.c; sourceTree = "<group>"; };
		0A591590203B622100831453 /* array.c */ = {isa = PBXFileReference; fileEncoding = 4; lastKnownFileType = sourcecode.c.c; path = array.c; sourceTree = "<group>"; };
		0A591593203B626900831453 /* print.c */ = {isa = PBXFileReference; fileEncoding = 4; lastKnownFileType = sourcecode.c.c; path = print.c; sourceTree = "<group>"; };
		0A591594203B626900831453 /* object.c */ = {isa = PBXFileReference; fileEncoding = 4; lastKnownFileType = sourcecode.c.c; path = object.c; sourceTree = "<group>"; };
		0A591595203B626900831453 /* class.c */ = {isa = PBXFileReference; fileEncoding = 4; lastKnownFileType = sourcecode.c.c; path = class.c; sourceTree = "<group>"; };
		0A591596203B626A00831453 /* kernel.c */ = {isa = PBXFileReference; fileEncoding = 4; lastKnownFileType = sourcecode.c.c; path = kernel.c; sourceTree = "<group>"; };
		0A5915DA203B64D600831453 /* mrbgem.rake */ = {isa = PBXFileReference; fileEncoding = 4; lastKnownFileType = text; path = mrbgem.rake; sourceTree = "<group>"; };
		0A5915DC203B64D600831453 /* lex.def */ = {isa = PBXFileReference; fileEncoding = 4; lastKnownFileType = text; path = lex.def; sourceTree = "<group>"; };
		0A5915DD203B64D600831453 /* codegen.c */ = {isa = PBXFileReference; fileEncoding = 4; lastKnownFileType = sourcecode.c.c; path = codegen.c; sourceTree = "<group>"; };
		0A5915DE203B64D600831453 /* node.h */ = {isa = PBXFileReference; fileEncoding = 4; lastKnownFileType = sourcecode.c.h; path = node.h; sourceTree = "<group>"; };
		0A5915DF203B64D600831453 /* parse.y */ = {isa = PBXFileReference; fileEncoding = 4; lastKnownFileType = sourcecode.yacc; path = parse.y; sourceTree = "<group>"; };
		0A5915E0203B64D600831453 /* keywords */ = {isa = PBXFileReference; fileEncoding = 4; lastKnownFileType = text; path = keywords; sourceTree = "<group>"; };
		0A5915E2203B64D600831453 /* mrbc.rb */ = {isa = PBXFileReference; fileEncoding = 4; lastKnownFileType = text.script.ruby; path = mrbc.rb; sourceTree = "<group>"; };
/* End PBXFileReference section */

/* Begin PBXFrameworksBuildPhase section */
		0A199E7D208D834600D4CA90 /* Frameworks */ = {
			isa = PBXFrameworksBuildPhase;
			buildActionMask = 2147483647;
			files = (
				0A199E8A208D83DF00D4CA90 /* libmruby_core.a in Frameworks */,
			);
			runOnlyForDeploymentPostprocessing = 0;
		};
		0A26B651203B4756002FE305 /* Frameworks */ = {
			isa = PBXFrameworksBuildPhase;
			buildActionMask = 2147483647;
			files = (
			);
			runOnlyForDeploymentPostprocessing = 0;
		};
/* End PBXFrameworksBuildPhase section */

/* Begin PBXGroup section */
		0A199E71208D813A00D4CA90 /* src */ = {
			isa = PBXGroup;
			children = (
				0A199E72208D813A00D4CA90 /* error.cpp */,
				0A199E73208D813A00D4CA90 /* vm.cpp */,
			);
			path = src;
			sourceTree = "<group>";
		};
		0A199E76208D830500D4CA90 /* mruby-bin-mrbc */ = {
			isa = PBXGroup;
			children = (
				0A199E77208D830500D4CA90 /* mrbgem.rake */,
				0A199E78208D830500D4CA90 /* tools */,
			);
			name = "mruby-bin-mrbc";
			path = "mruby/mrbgems/mruby-bin-mrbc";
			sourceTree = "<group>";
		};
		0A199E78208D830500D4CA90 /* tools */ = {
			isa = PBXGroup;
			children = (
				0A199E79208D830500D4CA90 /* mrbc */,
			);
			path = tools;
			sourceTree = "<group>";
		};
		0A199E79208D830500D4CA90 /* mrbc */ = {
			isa = PBXGroup;
			children = (
				0A199E7A208D830500D4CA90 /* mrbc.c */,
			);
			path = mrbc;
			sourceTree = "<group>";
		};
		0A26B63B203B4611002FE305 = {
			isa = PBXGroup;
			children = (
				0A199E71208D813A00D4CA90 /* src */,
				0A26B737203B4AD9002FE305 /* mruby */,
				0A26B646203B4611002FE305 /* Products */,
				0A592563203BA34100831453 /* Frameworks */,
			);
			sourceTree = "<group>";
		};
		0A26B646203B4611002FE305 /* Products */ = {
			isa = PBXGroup;
			children = (
				0A26B654203B4756002FE305 /* libmruby_core.a */,
				0A199E80208D834600D4CA90 /* mrbc */,
			);
			name = Products;
			sourceTree = "<group>";
		};
		0A26B737203B4AD9002FE305 /* mruby */ = {
			isa = PBXGroup;
			children = (
				0A26B739203B4B32002FE305 /* src */,
				0A26B738203B4B1B002FE305 /* mrbgems */,
			);
			name = mruby;
			sourceTree = "<group>";
		};
		0A26B738203B4B1B002FE305 /* mrbgems */ = {
			isa = PBXGroup;
			children = (
				0A199E76208D830500D4CA90 /* mruby-bin-mrbc */,
				0A5915D9203B64D600831453 /* mruby-compiler */,
				0A26B778203B4BEC002FE305 /* mruby-array-ext */,
				0A26B771203B4BD3002FE305 /* mruby-print */,
			);
			name = mrbgems;
			sourceTree = "<group>";
		};
		0A26B739203B4B32002FE305 /* src */ = {
			isa = PBXGroup;
			children = (
				0A591590203B622100831453 /* array.c */,
				0A26B748203B4B32002FE305 /* backtrace.c */,
				0A591595203B626900831453 /* class.c */,
				0A26B742203B4B32002FE305 /* codedump.c */,
				0A26B74F203B4B32002FE305 /* compar.c */,
				0A26B751203B4B32002FE305 /* crc.c */,
				0A26B743203B4B32002FE305 /* debug.c */,
				0A26B746203B4B32002FE305 /* dump.c */,
				0A26B74B203B4B32002FE305 /* enum.c */,
				0A26B747203B4B32002FE305 /* error.c */,
				0A26B73A203B4B32002FE305 /* error.h */,
				0A26B73C203B4B32002FE305 /* etc.c */,
				0A26B745203B4B32002FE305 /* fmt_fp.c */,
				0A26B755203B4B32002FE305 /* gc.c */,
				0A26B741203B4B32002FE305 /* hash.c */,
				0A26B73E203B4B32002FE305 /* init.c */,
				0A591596203B626A00831453 /* kernel.c */,
				0A26B752203B4B32002FE305 /* load.c */,
				0A26B74A203B4B32002FE305 /* numeric.c */,
				0A591594203B626900831453 /* object.c */,
				0A26B753203B4B32002FE305 /* opcode.h */,
				0A26B74E203B4B32002FE305 /* pool.c */,
				0A591593203B626900831453 /* print.c */,
				0A26B74D203B4B32002FE305 /* proc.c */,
				0A26B744203B4B32002FE305 /* range.c */,
				0A26B73D203B4B32002FE305 /* state.c */,
				0A26B740203B4B32002FE305 /* string.c */,
				0A26B74C203B4B32002FE305 /* symbol.c */,
				0A26B749203B4B32002FE305 /* value_array.h */,
				0A26B754203B4B32002FE305 /* variable.c */,
				0A26B750203B4B32002FE305 /* version.c */,
				0A26B73F203B4B32002FE305 /* vm.c */,
			);
			name = src;
			path = mruby/src;
			sourceTree = "<group>";
		};
		0A26B771203B4BD3002FE305 /* mruby-print */ = {
			isa = PBXGroup;
			children = (
				0A26B773203B4BD3002FE305 /* mrblib */,
				0A26B775203B4BD3002FE305 /* src */,
			);
			name = "mruby-print";
			path = "mruby/mrbgems/mruby-print";
			sourceTree = "<group>";
		};
		0A26B773203B4BD3002FE305 /* mrblib */ = {
			isa = PBXGroup;
			children = (
				0A26B774203B4BD3002FE305 /* print.rb */,
			);
			path = mrblib;
			sourceTree = "<group>";
		};
		0A26B775203B4BD3002FE305 /* src */ = {
			isa = PBXGroup;
			children = (
				0A26B776203B4BD3002FE305 /* print.c */,
			);
			path = src;
			sourceTree = "<group>";
		};
		0A26B778203B4BEC002FE305 /* mruby-array-ext */ = {
			isa = PBXGroup;
			children = (
				0A26B77A203B4BEC002FE305 /* mrblib */,
				0A26B77C203B4BEC002FE305 /* test */,
				0A26B77E203B4BEC002FE305 /* src */,
			);
			name = "mruby-array-ext";
			path = "mruby/mrbgems/mruby-array-ext";
			sourceTree = "<group>";
		};
		0A26B77A203B4BEC002FE305 /* mrblib */ = {
			isa = PBXGroup;
			children = (
				0A26B77B203B4BEC002FE305 /* array.rb */,
			);
			path = mrblib;
			sourceTree = "<group>";
		};
		0A26B77C203B4BEC002FE305 /* test */ = {
			isa = PBXGroup;
			children = (
				0A26B77D203B4BEC002FE305 /* array.rb */,
			);
			path = test;
			sourceTree = "<group>";
		};
		0A26B77E203B4BEC002FE305 /* src */ = {
			isa = PBXGroup;
			children = (
				0A26B77F203B4BEC002FE305 /* array.c */,
			);
			path = src;
			sourceTree = "<group>";
		};
		0A5915D9203B64D600831453 /* mruby-compiler */ = {
			isa = PBXGroup;
			children = (
				0A5915DA203B64D600831453 /* mrbgem.rake */,
				0A5915DB203B64D600831453 /* core */,
				0A5915E1203B64D600831453 /* bintest */,
			);
			name = "mruby-compiler";
			path = "mruby/mrbgems/mruby-compiler";
			sourceTree = "<group>";
		};
		0A5915DB203B64D600831453 /* core */ = {
			isa = PBXGroup;
			children = (
				0A5915DC203B64D600831453 /* lex.def */,
				0A5915DD203B64D600831453 /* codegen.c */,
				0A5915DE203B64D600831453 /* node.h */,
				0A5915DF203B64D600831453 /* parse.y */,
				0A5915E0203B64D600831453 /* keywords */,
			);
			path = core;
			sourceTree = "<group>";
		};
		0A5915E1203B64D600831453 /* bintest */ = {
			isa = PBXGroup;
			children = (
				0A5915E2203B64D600831453 /* mrbc.rb */,
			);
			path = bintest;
			sourceTree = "<group>";
		};
		0A592563203BA34100831453 /* Frameworks */ = {
			isa = PBXGroup;
			children = (
			);
			name = Frameworks;
			sourceTree = "<group>";
		};
/* End PBXGroup section */

/* Begin PBXHeadersBuildPhase section */
		0A26B652203B4756002FE305 /* Headers */ = {
			isa = PBXHeadersBuildPhase;
			buildActionMask = 2147483647;
			files = (
			);
			runOnlyForDeploymentPostprocessing = 0;
		};
/* End PBXHeadersBuildPhase section */

/* Begin PBXNativeTarget section */
		0A199E7F208D834600D4CA90 /* mrbc */ = {
			isa = PBXNativeTarget;
			buildConfigurationList = 0A199E84208D834600D4CA90 /* Build configuration list for PBXNativeTarget "mrbc" */;
			buildPhases = (
				0A199E7C208D834600D4CA90 /* Sources */,
				0A199E7D208D834600D4CA90 /* Frameworks */,
			);
			buildRules = (
			);
			dependencies = (
				0A199E89208D836500D4CA90 /* PBXTargetDependency */,
			);
			name = mrbc;
			productName = mrbc;
			productReference = 0A199E80208D834600D4CA90 /* mrbc */;
			productType = "com.apple.product-type.tool";
		};
		0A26B653203B4756002FE305 /* mruby_core */ = {
			isa = PBXNativeTarget;
			buildConfigurationList = 0A26B655203B4756002FE305 /* Build configuration list for PBXNativeTarget "mruby_core" */;
			buildPhases = (
				0A26B650203B4756002FE305 /* Sources */,
				0A26B651203B4756002FE305 /* Frameworks */,
				0A26B652203B4756002FE305 /* Headers */,
			);
			buildRules = (
			);
			dependencies = (
			);
			name = mruby_core;
			productName = mruby_core;
			productReference = 0A26B654203B4756002FE305 /* libmruby_core.a */;
			productType = "com.apple.product-type.library.static";
		};
/* End PBXNativeTarget section */

/* Begin PBXProject section */
		0A26B63C203B4611002FE305 /* Project object */ = {
			isa = PBXProject;
			attributes = {
				LastUpgradeCheck = 0920;
				ORGANIZATIONNAME = "Kevin A. Mitchell";
				TargetAttributes = {
					0A199E7F208D834600D4CA90 = {
						CreatedOnToolsVersion = 9.3;
						ProvisioningStyle = Automatic;
					};
					0A26B653203B4756002FE305 = {
						CreatedOnToolsVersion = 9.2;
						ProvisioningStyle = Automatic;
					};
				};
			};
			buildConfigurationList = 0A26B63F203B4611002FE305 /* Build configuration list for PBXProject "ios-ruby-embedded" */;
			compatibilityVersion = "Xcode 8.0";
			developmentRegion = en;
			hasScannedForEncodings = 0;
			knownRegions = (
				en,
			);
			mainGroup = 0A26B63B203B4611002FE305;
			productRefGroup = 0A26B646203B4611002FE305 /* Products */;
			projectDirPath = "";
			projectRoot = "";
			targets = (
				0A26B653203B4756002FE305 /* mruby_core */,
				0A199E7F208D834600D4CA90 /* mrbc */,
			);
		};
/* End PBXProject section */

/* Begin PBXSourcesBuildPhase section */
		0A199E7C208D834600D4CA90 /* Sources */ = {
			isa = PBXSourcesBuildPhase;
			buildActionMask = 2147483647;
			files = (
				0A199E87208D835F00D4CA90 /* mrbc.c in Sources */,
			);
			runOnlyForDeploymentPostprocessing = 0;
		};
		0A26B650203B4756002FE305 /* Sources */ = {
			isa = PBXSourcesBuildPhase;
			buildActionMask = 2147483647;
			files = (
				0A5915C4203B627700831453 /* dump.c in Sources */,
				0A5915C2203B627700831453 /* crc.c in Sources */,
				0A5915C7203B627700831453 /* etc.c in Sources */,
				0A5915BA203B627700831453 /* class.c in Sources */,
				0A199E74208D813A00D4CA90 /* error.cpp in Sources */,
				0A26B780203B4BEC002FE305 /* array.c in Sources */,
				0A5915C8203B627700831453 /* fmt_fp.c in Sources */,
				0A5915C3203B627700831453 /* debug.c in Sources */,
				0A5915BC203B627700831453 /* object.c in Sources */,
				0A5915C5203B627700831453 /* enum.c in Sources */,
				0A5915CE203B627700831453 /* pool.c in Sources */,
				0A5915D5203B627700831453 /* version.c in Sources */,
				0A5915E5203B64D700831453 /* parse.y in Sources */,
				0A5915BD203B627700831453 /* print.c in Sources */,
				0A5915D1203B627700831453 /* state.c in Sources */,
				0A5915CF203B627700831453 /* proc.c in Sources */,
				0A5915E3203B64D700831453 /* codegen.c in Sources */,
				0A5915BF203B627700831453 /* backtrace.c in Sources */,
				0A5915C0203B627700831453 /* codedump.c in Sources */,
				0A199E7B208D830500D4CA90 /* mrbc.c in Sources */,
				0A199E75208D813A00D4CA90 /* vm.cpp in Sources */,
				0A5915CC203B627700831453 /* load.c in Sources */,
				0A5915D0203B627700831453 /* range.c in Sources */,
				0A5915BB203B627700831453 /* kernel.c in Sources */,
				0A5915BE203B627700831453 /* array.c in Sources */,
				0A5915CB203B627700831453 /* init.c in Sources */,
				0A5915CA203B627700831453 /* hash.c in Sources */,
				0A26B777203B4BD4002FE305 /* print.c in Sources */,
				0A5915D4203B627700831453 /* variable.c in Sources */,
				0A5915C1203B627700831453 /* compar.c in Sources */,
				0A5915D2203B627700831453 /* string.c in Sources */,
				0A5915C9203B627700831453 /* gc.c in Sources */,
				0A5915CD203B627700831453 /* numeric.c in Sources */,
				0A5915D3203B627700831453 /* symbol.c in Sources */,
			);
			runOnlyForDeploymentPostprocessing = 0;
		};
/* End PBXSourcesBuildPhase section */

/* Begin PBXTargetDependency section */
		0A199E89208D836500D4CA90 /* PBXTargetDependency */ = {
			isa = PBXTargetDependency;
			target = 0A26B653203B4756002FE305 /* mruby_core */;
			targetProxy = 0A199E88208D836500D4CA90 /* PBXContainerItemProxy */;
		};
/* End PBXTargetDependency section */

/* Begin XCBuildConfiguration section */
		0A199E85208D834600D4CA90 /* Debug */ = {
			isa = XCBuildConfiguration;
			buildSettings = {
				CLANG_CXX_LANGUAGE_STANDARD = "gnu++14";
				CLANG_ENABLE_OBJC_WEAK = YES;
				CLANG_WARN_DEPRECATED_OBJC_IMPLEMENTATIONS = YES;
				CLANG_WARN_OBJC_IMPLICIT_RETAIN_SELF = YES;
				CODE_SIGN_IDENTITY = "Mac Developer";
				CODE_SIGN_STYLE = Automatic;
				DEPLOYMENT_LOCATION = YES;
				DEVELOPMENT_TEAM = 72K3ELEL7K;
				DSTROOT = "$(PROJECT_DIR)/mruby";
				GCC_C_LANGUAGE_STANDARD = gnu11;
				GCC_PREPROCESSOR_DEFINITIONS = (
					"DEBUG=1",
					"$(inherited)",
				);
				INSTALL_PATH = /bin;
				MACOSX_DEPLOYMENT_TARGET = 10.13;
				PRODUCT_NAME = "$(TARGET_NAME)";
				SDKROOT = macosx;
				SYMROOT = "$(PROJECT_DIR)/mruby/bin";
				SYSTEM_HEADER_SEARCH_PATHS = mruby/include;
				USER_HEADER_SEARCH_PATHS = "mruby/include mruby/mrbgems/mruby-compiler/core mruby/src";
			};
			name = Debug;
		};
		0A199E86208D834600D4CA90 /* Release */ = {
			isa = XCBuildConfiguration;
			buildSettings = {
				CLANG_CXX_LANGUAGE_STANDARD = "gnu++14";
				CLANG_ENABLE_OBJC_WEAK = YES;
				CLANG_WARN_DEPRECATED_OBJC_IMPLEMENTATIONS = YES;
				CLANG_WARN_OBJC_IMPLICIT_RETAIN_SELF = YES;
				CODE_SIGN_IDENTITY = "Mac Developer";
				CODE_SIGN_STYLE = Automatic;
				DEPLOYMENT_LOCATION = YES;
				DEVELOPMENT_TEAM = 72K3ELEL7K;
				DSTROOT = "$(PROJECT_DIR)/mruby";
				GCC_C_LANGUAGE_STANDARD = gnu11;
				INSTALL_PATH = /bin;
				MACOSX_DEPLOYMENT_TARGET = 10.13;
				PRODUCT_NAME = "$(TARGET_NAME)";
				SDKROOT = macosx;
				SYMROOT = "$(PROJECT_DIR)/mruby/bin";
				SYSTEM_HEADER_SEARCH_PATHS = mruby/include;
				USER_HEADER_SEARCH_PATHS = "mruby/include mruby/mrbgems/mruby-compiler/core mruby/src";
			};
			name = Release;
		};
		0A26B64B203B4611002FE305 /* Debug */ = {
			isa = XCBuildConfiguration;
			buildSettings = {
				ALWAYS_SEARCH_USER_PATHS = NO;
				CLANG_ANALYZER_NONNULL = YES;
				CLANG_ANALYZER_NUMBER_OBJECT_CONVERSION = YES_AGGRESSIVE;
				CLANG_CXX_LANGUAGE_STANDARD = "c++0x";
				CLANG_CXX_LIBRARY = "libc++";
				CLANG_ENABLE_MODULES = YES;
				CLANG_ENABLE_OBJC_ARC = YES;
				CLANG_WARN_BLOCK_CAPTURE_AUTORELEASING = YES;
				CLANG_WARN_BOOL_CONVERSION = YES;
				CLANG_WARN_COMMA = YES;
				CLANG_WARN_CONSTANT_CONVERSION = YES;
				CLANG_WARN_DIRECT_OBJC_ISA_USAGE = YES_ERROR;
				CLANG_WARN_DOCUMENTATION_COMMENTS = YES;
				CLANG_WARN_EMPTY_BODY = YES;
				CLANG_WARN_ENUM_CONVERSION = YES;
				CLANG_WARN_INFINITE_RECURSION = YES;
				CLANG_WARN_INT_CONVERSION = YES;
				CLANG_WARN_NON_LITERAL_NULL_CONVERSION = YES;
				CLANG_WARN_OBJC_LITERAL_CONVERSION = YES;
				CLANG_WARN_OBJC_ROOT_CLASS = YES_ERROR;
				CLANG_WARN_RANGE_LOOP_ANALYSIS = YES;
				CLANG_WARN_STRICT_PROTOTYPES = YES;
				CLANG_WARN_SUSPICIOUS_MOVE = YES;
				CLANG_WARN_UNGUARDED_AVAILABILITY = YES_AGGRESSIVE;
				CLANG_WARN_UNREACHABLE_CODE = YES;
				CLANG_WARN__DUPLICATE_METHOD_MATCH = YES;
				CODE_SIGN_IDENTITY = "iPhone Developer";
				COPY_PHASE_STRIP = NO;
				CURRENT_PROJECT_VERSION = 1;
				DEBUG_INFORMATION_FORMAT = dwarf;
				ENABLE_STRICT_OBJC_MSGSEND = YES;
				ENABLE_TESTABILITY = YES;
				GCC_C_LANGUAGE_STANDARD = gnu99;
				GCC_DYNAMIC_NO_PIC = NO;
				GCC_NO_COMMON_BLOCKS = YES;
				GCC_OPTIMIZATION_LEVEL = 0;
				GCC_PREPROCESSOR_DEFINITIONS = (
					"DEBUG=1",
					"MRB_DEBUG=1",
					"$(inherited)",
				);
				GCC_WARN_64_TO_32_BIT_CONVERSION = YES;
				GCC_WARN_ABOUT_RETURN_TYPE = YES_ERROR;
				GCC_WARN_UNDECLARED_SELECTOR = YES;
				GCC_WARN_UNINITIALIZED_AUTOS = YES_AGGRESSIVE;
				GCC_WARN_UNUSED_FUNCTION = YES;
				GCC_WARN_UNUSED_VARIABLE = YES;
				IPHONEOS_DEPLOYMENT_TARGET = 11.2;
				MACOSX_DEPLOYMENT_TARGET = 10.7;
				MTL_ENABLE_DEBUG_INFO = YES;
				ONLY_ACTIVE_ARCH = YES;
				SDKROOT = iphoneos;
				VERSIONING_SYSTEM = "apple-generic";
				VERSION_INFO_PREFIX = "";
			};
			name = Debug;
		};
		0A26B64C203B4611002FE305 /* Release */ = {
			isa = XCBuildConfiguration;
			buildSettings = {
				ALWAYS_SEARCH_USER_PATHS = NO;
				CLANG_ANALYZER_NONNULL = YES;
				CLANG_ANALYZER_NUMBER_OBJECT_CONVERSION = YES_AGGRESSIVE;
				CLANG_CXX_LANGUAGE_STANDARD = "c++0x";
				CLANG_CXX_LIBRARY = "libc++";
				CLANG_ENABLE_MODULES = YES;
				CLANG_ENABLE_OBJC_ARC = YES;
				CLANG_WARN_BLOCK_CAPTURE_AUTORELEASING = YES;
				CLANG_WARN_BOOL_CONVERSION = YES;
				CLANG_WARN_COMMA = YES;
				CLANG_WARN_CONSTANT_CONVERSION = YES;
				CLANG_WARN_DIRECT_OBJC_ISA_USAGE = YES_ERROR;
				CLANG_WARN_DOCUMENTATION_COMMENTS = YES;
				CLANG_WARN_EMPTY_BODY = YES;
				CLANG_WARN_ENUM_CONVERSION = YES;
				CLANG_WARN_INFINITE_RECURSION = YES;
				CLANG_WARN_INT_CONVERSION = YES;
				CLANG_WARN_NON_LITERAL_NULL_CONVERSION = YES;
				CLANG_WARN_OBJC_LITERAL_CONVERSION = YES;
				CLANG_WARN_OBJC_ROOT_CLASS = YES_ERROR;
				CLANG_WARN_RANGE_LOOP_ANALYSIS = YES;
				CLANG_WARN_STRICT_PROTOTYPES = YES;
				CLANG_WARN_SUSPICIOUS_MOVE = YES;
				CLANG_WARN_UNGUARDED_AVAILABILITY = YES_AGGRESSIVE;
				CLANG_WARN_UNREACHABLE_CODE = YES;
				CLANG_WARN__DUPLICATE_METHOD_MATCH = YES;
				CODE_SIGN_IDENTITY = "iPhone Developer";
				COPY_PHASE_STRIP = NO;
				CURRENT_PROJECT_VERSION = 1;
				DEBUG_INFORMATION_FORMAT = "dwarf-with-dsym";
				ENABLE_NS_ASSERTIONS = NO;
				ENABLE_STRICT_OBJC_MSGSEND = YES;
				GCC_C_LANGUAGE_STANDARD = gnu99;
				GCC_NO_COMMON_BLOCKS = YES;
				GCC_WARN_64_TO_32_BIT_CONVERSION = YES;
				GCC_WARN_ABOUT_RETURN_TYPE = YES_ERROR;
				GCC_WARN_UNDECLARED_SELECTOR = YES;
				GCC_WARN_UNINITIALIZED_AUTOS = YES_AGGRESSIVE;
				GCC_WARN_UNUSED_FUNCTION = YES;
				GCC_WARN_UNUSED_VARIABLE = YES;
				IPHONEOS_DEPLOYMENT_TARGET = 11.2;
				MACOSX_DEPLOYMENT_TARGET = 10.7;
				MTL_ENABLE_DEBUG_INFO = NO;
				SDKROOT = iphoneos;
				VALIDATE_PRODUCT = YES;
				VERSIONING_SYSTEM = "apple-generic";
				VERSION_INFO_PREFIX = "";
			};
			name = Release;
		};
		0A26B656203B4756002FE305 /* Debug */ = {
			isa = XCBuildConfiguration;
			buildSettings = {
				CODE_SIGN_IDENTITY = "Mac Developer";
				CODE_SIGN_STYLE = Automatic;
				DEVELOPMENT_TEAM = 72K3ELEL7K;
				EXECUTABLE_PREFIX = lib;
				HEADER_SEARCH_PATHS = "";
				PRODUCT_NAME = "$(TARGET_NAME)";
				SDKROOT = macosx;
				SYSTEM_HEADER_SEARCH_PATHS = mruby/include;
				USER_HEADER_SEARCH_PATHS = "mruby/include mruby/mrbgems/mruby-compiler/core mruby/src";
			};
			name = Debug;
		};
		0A26B657203B4756002FE305 /* Release */ = {
			isa = XCBuildConfiguration;
			buildSettings = {
				CODE_SIGN_IDENTITY = "Mac Developer";
				CODE_SIGN_STYLE = Automatic;
				DEVELOPMENT_TEAM = 72K3ELEL7K;
				EXECUTABLE_PREFIX = lib;
				HEADER_SEARCH_PATHS = "";
				PRODUCT_NAME = "$(TARGET_NAME)";
				SDKROOT = macosx;
				SYSTEM_HEADER_SEARCH_PATHS = mruby/include;
				USER_HEADER_SEARCH_PATHS = "mruby/include mruby/mrbgems/mruby-compiler/core mruby/src";
			};
			name = Release;
		};
/* End XCBuildConfiguration section */

/* Begin XCConfigurationList section */
		0A199E84208D834600D4CA90 /* Build configuration list for PBXNativeTarget "mrbc" */ = {
			isa = XCConfigurationList;
			buildConfigurations = (
				0A199E85208D834600D4CA90 /* Debug */,
				0A199E86208D834600D4CA90 /* Release */,
			);
			defaultConfigurationIsVisible = 0;
			defaultConfigurationName = Release;
		};
		0A26B63F203B4611002FE305 /* Build configuration list for PBXProject "ios-ruby-embedded" */ = {
			isa = XCConfigurationList;
			buildConfigurations = (
				0A26B64B203B4611002FE305 /* Debug */,
				0A26B64C203B4611002FE305 /* Release */,
			);
			defaultConfigurationIsVisible = 0;
			defaultConfigurationName = Release;
		};
		0A26B655203B4756002FE305 /* Build configuration list for PBXNativeTarget "mruby_core" */ = {
			isa = XCConfigurationList;
			buildConfigurations = (
				0A26B656203B4756002FE305 /* Debug */,
				0A26B657203B4756002FE305 /* Release */,
			);
			defaultConfigurationIsVisible = 0;
			defaultConfigurationName = Release;
		};
/* End XCConfigurationList section */
	};
	rootObject = 0A26B63C203B4611002FE305 /* Project object */;
}
